// !$*UTF8*$!
{
	archiveVersion = 1;
	classes = {
	};
	objectVersion = 50;
	objects = {

/* Begin PBXBuildFile section */
		0CA93E903E6DB8B730BEF1AC /* Pods_flixTests.framework in Frameworks */ = {isa = PBXBuildFile; fileRef = DE9B66D599E4B8BE16396A47 /* Pods_flixTests.framework */; };
		9CBFEB098B930218D40EBF8A /* Pods_flix_flixUITests.framework in Frameworks */ = {isa = PBXBuildFile; fileRef = 4FB39B7D7E7BD22A2D88B854 /* Pods_flix_flixUITests.framework */; };
		B1DA9571250198CA0074A904 /* AppDelegate.swift in Sources */ = {isa = PBXBuildFile; fileRef = B1DA9570250198CA0074A904 /* AppDelegate.swift */; };
		B1DA9573250198CA0074A904 /* SceneDelegate.swift in Sources */ = {isa = PBXBuildFile; fileRef = B1DA9572250198CA0074A904 /* SceneDelegate.swift */; };
		B1DA9578250198CA0074A904 /* Main.storyboard in Resources */ = {isa = PBXBuildFile; fileRef = B1DA9576250198CA0074A904 /* Main.storyboard */; };
		B1DA957A250198CC0074A904 /* Assets.xcassets in Resources */ = {isa = PBXBuildFile; fileRef = B1DA9579250198CC0074A904 /* Assets.xcassets */; };
		B1DA957D250198CC0074A904 /* LaunchScreen.storyboard in Resources */ = {isa = PBXBuildFile; fileRef = B1DA957B250198CC0074A904 /* LaunchScreen.storyboard */; };
		B1DA9588250198CC0074A904 /* flixTests.swift in Sources */ = {isa = PBXBuildFile; fileRef = B1DA9587250198CC0074A904 /* flixTests.swift */; };
		B1DA9593250198CC0074A904 /* flixUITests.swift in Sources */ = {isa = PBXBuildFile; fileRef = B1DA9592250198CC0074A904 /* flixUITests.swift */; };
		B1DA95A125019A9E0074A904 /* MoviesViewController.swift in Sources */ = {isa = PBXBuildFile; fileRef = B1DA95A025019A9E0074A904 /* MoviesViewController.swift */; };
		B1DA95A32501D93B0074A904 /* MovieCell.swift in Sources */ = {isa = PBXBuildFile; fileRef = B1DA95A22501D93B0074A904 /* MovieCell.swift */; };
		DEA7A10A2CD185428986D1C5 /* Pods_flix.framework in Frameworks */ = {isa = PBXBuildFile; fileRef = CA35246528569FEFB0372F10 /* Pods_flix.framework */; };
/* End PBXBuildFile section */

/* Begin PBXContainerItemProxy section */
		B1DA9584250198CC0074A904 /* PBXContainerItemProxy */ = {
			isa = PBXContainerItemProxy;
			containerPortal = B1DA9565250198CA0074A904 /* Project object */;
			proxyType = 1;
			remoteGlobalIDString = B1DA956C250198CA0074A904;
			remoteInfo = flix;
		};
		B1DA958F250198CC0074A904 /* PBXContainerItemProxy */ = {
			isa = PBXContainerItemProxy;
			containerPortal = B1DA9565250198CA0074A904 /* Project object */;
			proxyType = 1;
			remoteGlobalIDString = B1DA956C250198CA0074A904;
			remoteInfo = flix;
		};
/* End PBXContainerItemProxy section */

/* Begin PBXFileReference section */
		099F3314773143AEB98C9ED0 /* Pods-flix.release.xcconfig */ = {isa = PBXFileReference; includeInIndex = 1; lastKnownFileType = text.xcconfig; name = "Pods-flix.release.xcconfig"; path = "Target Support Files/Pods-flix/Pods-flix.release.xcconfig"; sourceTree = "<group>"; };
		0A9892B301B1AFA90B1F3574 /* Pods-flixTests.debug.xcconfig */ = {isa = PBXFileReference; includeInIndex = 1; lastKnownFileType = text.xcconfig; name = "Pods-flixTests.debug.xcconfig"; path = "Target Support Files/Pods-flixTests/Pods-flixTests.debug.xcconfig"; sourceTree = "<group>"; };
		213D7339D9280664E4AC0223 /* Pods-flix-flixUITests.release.xcconfig */ = {isa = PBXFileReference; includeInIndex = 1; lastKnownFileType = text.xcconfig; name = "Pods-flix-flixUITests.release.xcconfig"; path = "Target Support Files/Pods-flix-flixUITests/Pods-flix-flixUITests.release.xcconfig"; sourceTree = "<group>"; };
		3647D4F27993C6CDC34C35FF /* Pods-flix.debug.xcconfig */ = {isa = PBXFileReference; includeInIndex = 1; lastKnownFileType = text.xcconfig; name = "Pods-flix.debug.xcconfig"; path = "Target Support Files/Pods-flix/Pods-flix.debug.xcconfig"; sourceTree = "<group>"; };
		4FB39B7D7E7BD22A2D88B854 /* Pods_flix_flixUITests.framework */ = {isa = PBXFileReference; explicitFileType = wrapper.framework; includeInIndex = 0; path = Pods_flix_flixUITests.framework; sourceTree = BUILT_PRODUCTS_DIR; };
		53966DB54ADDA88AF4A9D831 /* Pods-flix-flixUITests.debug.xcconfig */ = {isa = PBXFileReference; includeInIndex = 1; lastKnownFileType = text.xcconfig; name = "Pods-flix-flixUITests.debug.xcconfig"; path = "Target Support Files/Pods-flix-flixUITests/Pods-flix-flixUITests.debug.xcconfig"; sourceTree = "<group>"; };
		B1DA956D250198CA0074A904 /* flix.app */ = {isa = PBXFileReference; explicitFileType = wrapper.application; includeInIndex = 0; path = flix.app; sourceTree = BUILT_PRODUCTS_DIR; };
		B1DA9570250198CA0074A904 /* AppDelegate.swift */ = {isa = PBXFileReference; lastKnownFileType = sourcecode.swift; path = AppDelegate.swift; sourceTree = "<group>"; };
		B1DA9572250198CA0074A904 /* SceneDelegate.swift */ = {isa = PBXFileReference; lastKnownFileType = sourcecode.swift; path = SceneDelegate.swift; sourceTree = "<group>"; };
		B1DA9577250198CA0074A904 /* Base */ = {isa = PBXFileReference; lastKnownFileType = file.storyboard; name = Base; path = Base.lproj/Main.storyboard; sourceTree = "<group>"; };
		B1DA9579250198CC0074A904 /* Assets.xcassets */ = {isa = PBXFileReference; lastKnownFileType = folder.assetcatalog; path = Assets.xcassets; sourceTree = "<group>"; };
		B1DA957C250198CC0074A904 /* Base */ = {isa = PBXFileReference; lastKnownFileType = file.storyboard; name = Base; path = Base.lproj/LaunchScreen.storyboard; sourceTree = "<group>"; };
		B1DA957E250198CC0074A904 /* Info.plist */ = {isa = PBXFileReference; lastKnownFileType = text.plist.xml; path = Info.plist; sourceTree = "<group>"; };
		B1DA9583250198CC0074A904 /* flixTests.xctest */ = {isa = PBXFileReference; explicitFileType = wrapper.cfbundle; includeInIndex = 0; path = flixTests.xctest; sourceTree = BUILT_PRODUCTS_DIR; };
		B1DA9587250198CC0074A904 /* flixTests.swift */ = {isa = PBXFileReference; lastKnownFileType = sourcecode.swift; path = flixTests.swift; sourceTree = "<group>"; };
		B1DA9589250198CC0074A904 /* Info.plist */ = {isa = PBXFileReference; lastKnownFileType = text.plist.xml; path = Info.plist; sourceTree = "<group>"; };
		B1DA958E250198CC0074A904 /* flixUITests.xctest */ = {isa = PBXFileReference; explicitFileType = wrapper.cfbundle; includeInIndex = 0; path = flixUITests.xctest; sourceTree = BUILT_PRODUCTS_DIR; };
		B1DA9592250198CC0074A904 /* flixUITests.swift */ = {isa = PBXFileReference; lastKnownFileType = sourcecode.swift; path = flixUITests.swift; sourceTree = "<group>"; };
		B1DA9594250198CC0074A904 /* Info.plist */ = {isa = PBXFileReference; lastKnownFileType = text.plist.xml; path = Info.plist; sourceTree = "<group>"; };
		B1DA95A025019A9E0074A904 /* MoviesViewController.swift */ = {isa = PBXFileReference; lastKnownFileType = sourcecode.swift; path = MoviesViewController.swift; sourceTree = "<group>"; };
		B1DA95A22501D93B0074A904 /* MovieCell.swift */ = {isa = PBXFileReference; lastKnownFileType = sourcecode.swift; path = MovieCell.swift; sourceTree = "<group>"; };
		CA35246528569FEFB0372F10 /* Pods_flix.framework */ = {isa = PBXFileReference; explicitFileType = wrapper.framework; includeInIndex = 0; path = Pods_flix.framework; sourceTree = BUILT_PRODUCTS_DIR; };
		DE9B66D599E4B8BE16396A47 /* Pods_flixTests.framework */ = {isa = PBXFileReference; explicitFileType = wrapper.framework; includeInIndex = 0; path = Pods_flixTests.framework; sourceTree = BUILT_PRODUCTS_DIR; };
		E85D3A5B7A718C37EEDCBDC0 /* Pods-flixTests.release.xcconfig */ = {isa = PBXFileReference; includeInIndex = 1; lastKnownFileType = text.xcconfig; name = "Pods-flixTests.release.xcconfig"; path = "Target Support Files/Pods-flixTests/Pods-flixTests.release.xcconfig"; sourceTree = "<group>"; };
/* End PBXFileReference section */

/* Begin PBXFrameworksBuildPhase section */
		B1DA956A250198CA0074A904 /* Frameworks */ = {
			isa = PBXFrameworksBuildPhase;
			buildActionMask = 2147483647;
			files = (
				DEA7A10A2CD185428986D1C5 /* Pods_flix.framework in Frameworks */,
			);
			runOnlyForDeploymentPostprocessing = 0;
		};
		B1DA9580250198CC0074A904 /* Frameworks */ = {
			isa = PBXFrameworksBuildPhase;
			buildActionMask = 2147483647;
			files = (
				0CA93E903E6DB8B730BEF1AC /* Pods_flixTests.framework in Frameworks */,
			);
			runOnlyForDeploymentPostprocessing = 0;
		};
		B1DA958B250198CC0074A904 /* Frameworks */ = {
			isa = PBXFrameworksBuildPhase;
			buildActionMask = 2147483647;
			files = (
				9CBFEB098B930218D40EBF8A /* Pods_flix_flixUITests.framework in Frameworks */,
			);
			runOnlyForDeploymentPostprocessing = 0;
		};
/* End PBXFrameworksBuildPhase section */

/* Begin PBXGroup section */
		4C3D17378F4BABA04E2BFC22 /* Pods */ = {
			isa = PBXGroup;
			children = (
				3647D4F27993C6CDC34C35FF /* Pods-flix.debug.xcconfig */,
				099F3314773143AEB98C9ED0 /* Pods-flix.release.xcconfig */,
				53966DB54ADDA88AF4A9D831 /* Pods-flix-flixUITests.debug.xcconfig */,
				213D7339D9280664E4AC0223 /* Pods-flix-flixUITests.release.xcconfig */,
				0A9892B301B1AFA90B1F3574 /* Pods-flixTests.debug.xcconfig */,
				E85D3A5B7A718C37EEDCBDC0 /* Pods-flixTests.release.xcconfig */,
			);
			name = Pods;
			path = Pods;
			sourceTree = "<group>";
		};
		B1DA9564250198CA0074A904 = {
			isa = PBXGroup;
			children = (
				B1DA956F250198CA0074A904 /* flix */,
				B1DA9586250198CC0074A904 /* flixTests */,
				B1DA9591250198CC0074A904 /* flixUITests */,
				B1DA956E250198CA0074A904 /* Products */,
				4C3D17378F4BABA04E2BFC22 /* Pods */,
				DC2AFB70D33E01D93CA0FBF9 /* Frameworks */,
			);
			sourceTree = "<group>";
		};
		B1DA956E250198CA0074A904 /* Products */ = {
			isa = PBXGroup;
			children = (
				B1DA956D250198CA0074A904 /* flix.app */,
				B1DA9583250198CC0074A904 /* flixTests.xctest */,
				B1DA958E250198CC0074A904 /* flixUITests.xctest */,
			);
			name = Products;
			sourceTree = "<group>";
		};
		B1DA956F250198CA0074A904 /* flix */ = {
			isa = PBXGroup;
			children = (
				B1DA9570250198CA0074A904 /* AppDelegate.swift */,
				B1DA9572250198CA0074A904 /* SceneDelegate.swift */,
				B1DA9576250198CA0074A904 /* Main.storyboard */,
				B1DA9579250198CC0074A904 /* Assets.xcassets */,
				B1DA957B250198CC0074A904 /* LaunchScreen.storyboard */,
				B1DA957E250198CC0074A904 /* Info.plist */,
				B1DA95A025019A9E0074A904 /* MoviesViewController.swift */,
				B1DA95A22501D93B0074A904 /* MovieCell.swift */,
			);
			path = flix;
			sourceTree = "<group>";
		};
		B1DA9586250198CC0074A904 /* flixTests */ = {
			isa = PBXGroup;
			children = (
				B1DA9587250198CC0074A904 /* flixTests.swift */,
				B1DA9589250198CC0074A904 /* Info.plist */,
			);
			path = flixTests;
			sourceTree = "<group>";
		};
		B1DA9591250198CC0074A904 /* flixUITests */ = {
			isa = PBXGroup;
			children = (
				B1DA9592250198CC0074A904 /* flixUITests.swift */,
				B1DA9594250198CC0074A904 /* Info.plist */,
			);
			path = flixUITests;
			sourceTree = "<group>";
		};
		DC2AFB70D33E01D93CA0FBF9 /* Frameworks */ = {
			isa = PBXGroup;
			children = (
				CA35246528569FEFB0372F10 /* Pods_flix.framework */,
				4FB39B7D7E7BD22A2D88B854 /* Pods_flix_flixUITests.framework */,
				DE9B66D599E4B8BE16396A47 /* Pods_flixTests.framework */,
			);
			name = Frameworks;
			sourceTree = "<group>";
		};
/* End PBXGroup section */

/* Begin PBXNativeTarget section */
		B1DA956C250198CA0074A904 /* flix */ = {
			isa = PBXNativeTarget;
			buildConfigurationList = B1DA9597250198CD0074A904 /* Build configuration list for PBXNativeTarget "flix" */;
			buildPhases = (
				439EEE093DE49D5BE195C9BC /* [CP] Check Pods Manifest.lock */,
				B1DA9569250198CA0074A904 /* Sources */,
				B1DA956A250198CA0074A904 /* Frameworks */,
				B1DA956B250198CA0074A904 /* Resources */,
				A11F0B4BBC6D8353C82040B8 /* [CP] Embed Pods Frameworks */,
			);
			buildRules = (
			);
			dependencies = (
			);
			name = flix;
			productName = flix;
			productReference = B1DA956D250198CA0074A904 /* flix.app */;
			productType = "com.apple.product-type.application";
		};
		B1DA9582250198CC0074A904 /* flixTests */ = {
			isa = PBXNativeTarget;
			buildConfigurationList = B1DA959A250198CD0074A904 /* Build configuration list for PBXNativeTarget "flixTests" */;
			buildPhases = (
				1FEC498D655E5B5DC42DC6CA /* [CP] Check Pods Manifest.lock */,
				B1DA957F250198CC0074A904 /* Sources */,
				B1DA9580250198CC0074A904 /* Frameworks */,
				B1DA9581250198CC0074A904 /* Resources */,
			);
			buildRules = (
			);
			dependencies = (
				B1DA9585250198CC0074A904 /* PBXTargetDependency */,
			);
			name = flixTests;
			productName = flixTests;
			productReference = B1DA9583250198CC0074A904 /* flixTests.xctest */;
			productType = "com.apple.product-type.bundle.unit-test";
		};
		B1DA958D250198CC0074A904 /* flixUITests */ = {
			isa = PBXNativeTarget;
			buildConfigurationList = B1DA959D250198CD0074A904 /* Build configuration list for PBXNativeTarget "flixUITests" */;
			buildPhases = (
				276F02C28B27A6475B81D278 /* [CP] Check Pods Manifest.lock */,
				B1DA958A250198CC0074A904 /* Sources */,
				B1DA958B250198CC0074A904 /* Frameworks */,
				B1DA958C250198CC0074A904 /* Resources */,
				5057F16B6B881105B4149ED3 /* [CP] Embed Pods Frameworks */,
			);
			buildRules = (
			);
			dependencies = (
				B1DA9590250198CC0074A904 /* PBXTargetDependency */,
			);
			name = flixUITests;
			productName = flixUITests;
			productReference = B1DA958E250198CC0074A904 /* flixUITests.xctest */;
			productType = "com.apple.product-type.bundle.ui-testing";
		};
/* End PBXNativeTarget section */

/* Begin PBXProject section */
		B1DA9565250198CA0074A904 /* Project object */ = {
			isa = PBXProject;
			attributes = {
				LastSwiftUpdateCheck = 1130;
				LastUpgradeCheck = 1130;
				ORGANIZATIONNAME = Codepath;
				TargetAttributes = {
					B1DA956C250198CA0074A904 = {
						CreatedOnToolsVersion = 11.3.1;
					};
					B1DA9582250198CC0074A904 = {
						CreatedOnToolsVersion = 11.3.1;
						TestTargetID = B1DA956C250198CA0074A904;
					};
					B1DA958D250198CC0074A904 = {
						CreatedOnToolsVersion = 11.3.1;
						TestTargetID = B1DA956C250198CA0074A904;
					};
				};
			};
			buildConfigurationList = B1DA9568250198CA0074A904 /* Build configuration list for PBXProject "flix" */;
			compatibilityVersion = "Xcode 9.3";
			developmentRegion = en;
			hasScannedForEncodings = 0;
			knownRegions = (
				en,
				Base,
			);
			mainGroup = B1DA9564250198CA0074A904;
			productRefGroup = B1DA956E250198CA0074A904 /* Products */;
			projectDirPath = "";
			projectRoot = "";
			targets = (
				B1DA956C250198CA0074A904 /* flix */,
				B1DA9582250198CC0074A904 /* flixTests */,
				B1DA958D250198CC0074A904 /* flixUITests */,
			);
		};
/* End PBXProject section */

/* Begin PBXResourcesBuildPhase section */
		B1DA956B250198CA0074A904 /* Resources */ = {
			isa = PBXResourcesBuildPhase;
			buildActionMask = 2147483647;
			files = (
				B1DA957D250198CC0074A904 /* LaunchScreen.storyboard in Resources */,
				B1DA957A250198CC0074A904 /* Assets.xcassets in Resources */,
				B1DA9578250198CA0074A904 /* Main.storyboard in Resources */,
			);
			runOnlyForDeploymentPostprocessing = 0;
		};
		B1DA9581250198CC0074A904 /* Resources */ = {
			isa = PBXResourcesBuildPhase;
			buildActionMask = 2147483647;
			files = (
			);
			runOnlyForDeploymentPostprocessing = 0;
		};
		B1DA958C250198CC0074A904 /* Resources */ = {
			isa = PBXResourcesBuildPhase;
			buildActionMask = 2147483647;
			files = (
			);
			runOnlyForDeploymentPostprocessing = 0;
		};
/* End PBXResourcesBuildPhase section */

/* Begin PBXShellScriptBuildPhase section */
		1FEC498D655E5B5DC42DC6CA /* [CP] Check Pods Manifest.lock */ = {
			isa = PBXShellScriptBuildPhase;
			buildActionMask = 2147483647;
			files = (
			);
			inputFileListPaths = (
			);
			inputPaths = (
				"${PODS_PODFILE_DIR_PATH}/Podfile.lock",
				"${PODS_ROOT}/Manifest.lock",
			);
			name = "[CP] Check Pods Manifest.lock";
			outputFileListPaths = (
			);
			outputPaths = (
				"$(DERIVED_FILE_DIR)/Pods-flixTests-checkManifestLockResult.txt",
			);
			runOnlyForDeploymentPostprocessing = 0;
			shellPath = /bin/sh;
			shellScript = "diff \"${PODS_PODFILE_DIR_PATH}/Podfile.lock\" \"${PODS_ROOT}/Manifest.lock\" > /dev/null\nif [ $? != 0 ] ; then\n    # print error to STDERR\n    echo \"error: The sandbox is not in sync with the Podfile.lock. Run 'pod install' or update your CocoaPods installation.\" >&2\n    exit 1\nfi\n# This output is used by Xcode 'outputs' to avoid re-running this script phase.\necho \"SUCCESS\" > \"${SCRIPT_OUTPUT_FILE_0}\"\n";
			showEnvVarsInLog = 0;
		};
		276F02C28B27A6475B81D278 /* [CP] Check Pods Manifest.lock */ = {
			isa = PBXShellScriptBuildPhase;
			buildActionMask = 2147483647;
			files = (
			);
			inputFileListPaths = (
			);
			inputPaths = (
				"${PODS_PODFILE_DIR_PATH}/Podfile.lock",
				"${PODS_ROOT}/Manifest.lock",
			);
			name = "[CP] Check Pods Manifest.lock";
			outputFileListPaths = (
			);
			outputPaths = (
				"$(DERIVED_FILE_DIR)/Pods-flix-flixUITests-checkManifestLockResult.txt",
			);
			runOnlyForDeploymentPostprocessing = 0;
			shellPath = /bin/sh;
			shellScript = "diff \"${PODS_PODFILE_DIR_PATH}/Podfile.lock\" \"${PODS_ROOT}/Manifest.lock\" > /dev/null\nif [ $? != 0 ] ; then\n    # print error to STDERR\n    echo \"error: The sandbox is not in sync with the Podfile.lock. Run 'pod install' or update your CocoaPods installation.\" >&2\n    exit 1\nfi\n# This output is used by Xcode 'outputs' to avoid re-running this script phase.\necho \"SUCCESS\" > \"${SCRIPT_OUTPUT_FILE_0}\"\n";
			showEnvVarsInLog = 0;
		};
		439EEE093DE49D5BE195C9BC /* [CP] Check Pods Manifest.lock */ = {
			isa = PBXShellScriptBuildPhase;
			buildActionMask = 2147483647;
			files = (
			);
			inputFileListPaths = (
			);
			inputPaths = (
				"${PODS_PODFILE_DIR_PATH}/Podfile.lock",
				"${PODS_ROOT}/Manifest.lock",
			);
			name = "[CP] Check Pods Manifest.lock";
			outputFileListPaths = (
			);
			outputPaths = (
				"$(DERIVED_FILE_DIR)/Pods-flix-checkManifestLockResult.txt",
			);
			runOnlyForDeploymentPostprocessing = 0;
			shellPath = /bin/sh;
			shellScript = "diff \"${PODS_PODFILE_DIR_PATH}/Podfile.lock\" \"${PODS_ROOT}/Manifest.lock\" > /dev/null\nif [ $? != 0 ] ; then\n    # print error to STDERR\n    echo \"error: The sandbox is not in sync with the Podfile.lock. Run 'pod install' or update your CocoaPods installation.\" >&2\n    exit 1\nfi\n# This output is used by Xcode 'outputs' to avoid re-running this script phase.\necho \"SUCCESS\" > \"${SCRIPT_OUTPUT_FILE_0}\"\n";
			showEnvVarsInLog = 0;
		};
		5057F16B6B881105B4149ED3 /* [CP] Embed Pods Frameworks */ = {
			isa = PBXShellScriptBuildPhase;
			buildActionMask = 2147483647;
			files = (
			);
			inputFileListPaths = (
				"${PODS_ROOT}/Target Support Files/Pods-flix-flixUITests/Pods-flix-flixUITests-frameworks-${CONFIGURATION}-input-files.xcfilelist",
			);
			name = "[CP] Embed Pods Frameworks";
			outputFileListPaths = (
				"${PODS_ROOT}/Target Support Files/Pods-flix-flixUITests/Pods-flix-flixUITests-frameworks-${CONFIGURATION}-output-files.xcfilelist",
			);
			runOnlyForDeploymentPostprocessing = 0;
			shellPath = /bin/sh;
			shellScript = "\"${PODS_ROOT}/Target Support Files/Pods-flix-flixUITests/Pods-flix-flixUITests-frameworks.sh\"\n";
			showEnvVarsInLog = 0;
		};
		A11F0B4BBC6D8353C82040B8 /* [CP] Embed Pods Frameworks */ = {
			isa = PBXShellScriptBuildPhase;
			buildActionMask = 2147483647;
			files = (
			);
			inputFileListPaths = (
				"${PODS_ROOT}/Target Support Files/Pods-flix/Pods-flix-frameworks-${CONFIGURATION}-input-files.xcfilelist",
			);
			name = "[CP] Embed Pods Frameworks";
			outputFileListPaths = (
				"${PODS_ROOT}/Target Support Files/Pods-flix/Pods-flix-frameworks-${CONFIGURATION}-output-files.xcfilelist",
			);
			runOnlyForDeploymentPostprocessing = 0;
			shellPath = /bin/sh;
			shellScript = "\"${PODS_ROOT}/Target Support Files/Pods-flix/Pods-flix-frameworks.sh\"\n";
			showEnvVarsInLog = 0;
		};
/* End PBXShellScriptBuildPhase section */

/* Begin PBXSourcesBuildPhase section */
		B1DA9569250198CA0074A904 /* Sources */ = {
			isa = PBXSourcesBuildPhase;
			buildActionMask = 2147483647;
			files = (
				B1DA9571250198CA0074A904 /* AppDelegate.swift in Sources */,
				B1DA9573250198CA0074A904 /* SceneDelegate.swift in Sources */,
				B1DA95A32501D93B0074A904 /* MovieCell.swift in Sources */,
				B1DA95A125019A9E0074A904 /* MoviesViewController.swift in Sources */,
			);
			runOnlyForDeploymentPostprocessing = 0;
		};
		B1DA957F250198CC0074A904 /* Sources */ = {
			isa = PBXSourcesBuildPhase;
			buildActionMask = 2147483647;
			files = (
				B1DA9588250198CC0074A904 /* flixTests.swift in Sources */,
			);
			runOnlyForDeploymentPostprocessing = 0;
		};
		B1DA958A250198CC0074A904 /* Sources */ = {
			isa = PBXSourcesBuildPhase;
			buildActionMask = 2147483647;
			files = (
				B1DA9593250198CC0074A904 /* flixUITests.swift in Sources */,
			);
			runOnlyForDeploymentPostprocessing = 0;
		};
/* End PBXSourcesBuildPhase section */

/* Begin PBXTargetDependency section */
		B1DA9585250198CC0074A904 /* PBXTargetDependency */ = {
			isa = PBXTargetDependency;
			target = B1DA956C250198CA0074A904 /* flix */;
			targetProxy = B1DA9584250198CC0074A904 /* PBXContainerItemProxy */;
		};
		B1DA9590250198CC0074A904 /* PBXTargetDependency */ = {
			isa = PBXTargetDependency;
			target = B1DA956C250198CA0074A904 /* flix */;
			targetProxy = B1DA958F250198CC0074A904 /* PBXContainerItemProxy */;
		};
/* End PBXTargetDependency section */

/* Begin PBXVariantGroup section */
		B1DA9576250198CA0074A904 /* Main.storyboard */ = {
			isa = PBXVariantGroup;
			children = (
				B1DA9577250198CA0074A904 /* Base */,
			);
			name = Main.storyboard;
			sourceTree = "<group>";
		};
		B1DA957B250198CC0074A904 /* LaunchScreen.storyboard */ = {
			isa = PBXVariantGroup;
			children = (
				B1DA957C250198CC0074A904 /* Base */,
			);
			name = LaunchScreen.storyboard;
			sourceTree = "<group>";
		};
/* End PBXVariantGroup section */

/* Begin XCBuildConfiguration section */
		B1DA9595250198CD0074A904 /* Debug */ = {
			isa = XCBuildConfiguration;
			buildSettings = {
				ALWAYS_SEARCH_USER_PATHS = NO;
				CLANG_ANALYZER_NONNULL = YES;
				CLANG_ANALYZER_NUMBER_OBJECT_CONVERSION = YES_AGGRESSIVE;
				CLANG_CXX_LANGUAGE_STANDARD = "gnu++14";
				CLANG_CXX_LIBRARY = "libc++";
				CLANG_ENABLE_MODULES = YES;
				CLANG_ENABLE_OBJC_ARC = YES;
				CLANG_ENABLE_OBJC_WEAK = YES;
				CLANG_WARN_BLOCK_CAPTURE_AUTORELEASING = YES;
				CLANG_WARN_BOOL_CONVERSION = YES;
				CLANG_WARN_COMMA = YES;
				CLANG_WARN_CONSTANT_CONVERSION = YES;
				CLANG_WARN_DEPRECATED_OBJC_IMPLEMENTATIONS = YES;
				CLANG_WARN_DIRECT_OBJC_ISA_USAGE = YES_ERROR;
				CLANG_WARN_DOCUMENTATION_COMMENTS = YES;
				CLANG_WARN_EMPTY_BODY = YES;
				CLANG_WARN_ENUM_CONVERSION = YES;
				CLANG_WARN_INFINITE_RECURSION = YES;
				CLANG_WARN_INT_CONVERSION = YES;
				CLANG_WARN_NON_LITERAL_NULL_CONVERSION = YES;
				CLANG_WARN_OBJC_IMPLICIT_RETAIN_SELF = YES;
				CLANG_WARN_OBJC_LITERAL_CONVERSION = YES;
				CLANG_WARN_OBJC_ROOT_CLASS = YES_ERROR;
				CLANG_WARN_RANGE_LOOP_ANALYSIS = YES;
				CLANG_WARN_STRICT_PROTOTYPES = YES;
				CLANG_WARN_SUSPICIOUS_MOVE = YES;
				CLANG_WARN_UNGUARDED_AVAILABILITY = YES_AGGRESSIVE;
				CLANG_WARN_UNREACHABLE_CODE = YES;
				CLANG_WARN__DUPLICATE_METHOD_MATCH = YES;
				COPY_PHASE_STRIP = NO;
				DEBUG_INFORMATION_FORMAT = dwarf;
				ENABLE_STRICT_OBJC_MSGSEND = YES;
				ENABLE_TESTABILITY = YES;
				GCC_C_LANGUAGE_STANDARD = gnu11;
				GCC_DYNAMIC_NO_PIC = NO;
				GCC_NO_COMMON_BLOCKS = YES;
				GCC_OPTIMIZATION_LEVEL = 0;
				GCC_PREPROCESSOR_DEFINITIONS = (
					"DEBUG=1",
					"$(inherited)",
				);
				GCC_WARN_64_TO_32_BIT_CONVERSION = YES;
				GCC_WARN_ABOUT_RETURN_TYPE = YES_ERROR;
				GCC_WARN_UNDECLARED_SELECTOR = YES;
				GCC_WARN_UNINITIALIZED_AUTOS = YES_AGGRESSIVE;
				GCC_WARN_UNUSED_FUNCTION = YES;
				GCC_WARN_UNUSED_VARIABLE = YES;
				IPHONEOS_DEPLOYMENT_TARGET = 13.2;
				MTL_ENABLE_DEBUG_INFO = INCLUDE_SOURCE;
				MTL_FAST_MATH = YES;
				ONLY_ACTIVE_ARCH = YES;
				SDKROOT = iphoneos;
				SWIFT_ACTIVE_COMPILATION_CONDITIONS = DEBUG;
				SWIFT_OPTIMIZATION_LEVEL = "-Onone";
			};
			name = Debug;
		};
		B1DA9596250198CD0074A904 /* Release */ = {
			isa = XCBuildConfiguration;
			buildSettings = {
				ALWAYS_SEARCH_USER_PATHS = NO;
				CLANG_ANALYZER_NONNULL = YES;
				CLANG_ANALYZER_NUMBER_OBJECT_CONVERSION = YES_AGGRESSIVE;
				CLANG_CXX_LANGUAGE_STANDARD = "gnu++14";
				CLANG_CXX_LIBRARY = "libc++";
				CLANG_ENABLE_MODULES = YES;
				CLANG_ENABLE_OBJC_ARC = YES;
				CLANG_ENABLE_OBJC_WEAK = YES;
				CLANG_WARN_BLOCK_CAPTURE_AUTORELEASING = YES;
				CLANG_WARN_BOOL_CONVERSION = YES;
				CLANG_WARN_COMMA = YES;
				CLANG_WARN_CONSTANT_CONVERSION = YES;
				CLANG_WARN_DEPRECATED_OBJC_IMPLEMENTATIONS = YES;
				CLANG_WARN_DIRECT_OBJC_ISA_USAGE = YES_ERROR;
				CLANG_WARN_DOCUMENTATION_COMMENTS = YES;
				CLANG_WARN_EMPTY_BODY = YES;
				CLANG_WARN_ENUM_CONVERSION = YES;
				CLANG_WARN_INFINITE_RECURSION = YES;
				CLANG_WARN_INT_CONVERSION = YES;
				CLANG_WARN_NON_LITERAL_NULL_CONVERSION = YES;
				CLANG_WARN_OBJC_IMPLICIT_RETAIN_SELF = YES;
				CLANG_WARN_OBJC_LITERAL_CONVERSION = YES;
				CLANG_WARN_OBJC_ROOT_CLASS = YES_ERROR;
				CLANG_WARN_RANGE_LOOP_ANALYSIS = YES;
				CLANG_WARN_STRICT_PROTOTYPES = YES;
				CLANG_WARN_SUSPICIOUS_MOVE = YES;
				CLANG_WARN_UNGUARDED_AVAILABILITY = YES_AGGRESSIVE;
				CLANG_WARN_UNREACHABLE_CODE = YES;
				CLANG_WARN__DUPLICATE_METHOD_MATCH = YES;
				COPY_PHASE_STRIP = NO;
				DEBUG_INFORMATION_FORMAT = "dwarf-with-dsym";
				ENABLE_NS_ASSERTIONS = NO;
				ENABLE_STRICT_OBJC_MSGSEND = YES;
				GCC_C_LANGUAGE_STANDARD = gnu11;
				GCC_NO_COMMON_BLOCKS = YES;
				GCC_WARN_64_TO_32_BIT_CONVERSION = YES;
				GCC_WARN_ABOUT_RETURN_TYPE = YES_ERROR;
				GCC_WARN_UNDECLARED_SELECTOR = YES;
				GCC_WARN_UNINITIALIZED_AUTOS = YES_AGGRESSIVE;
				GCC_WARN_UNUSED_FUNCTION = YES;
				GCC_WARN_UNUSED_VARIABLE = YES;
				IPHONEOS_DEPLOYMENT_TARGET = 13.2;
				MTL_ENABLE_DEBUG_INFO = NO;
				MTL_FAST_MATH = YES;
				SDKROOT = iphoneos;
				SWIFT_COMPILATION_MODE = wholemodule;
				SWIFT_OPTIMIZATION_LEVEL = "-O";
				VALIDATE_PRODUCT = YES;
			};
			name = Release;
		};
		B1DA9598250198CD0074A904 /* Debug */ = {
			isa = XCBuildConfiguration;
			baseConfigurationReference = 3647D4F27993C6CDC34C35FF /* Pods-flix.debug.xcconfig */;
			buildSettings = {
				ASSETCATALOG_COMPILER_APPICON_NAME = AppIcon;
				CODE_SIGN_STYLE = Automatic;
				DEVELOPMENT_TEAM = U4SRH7997S;
				INFOPLIST_FILE = flix/Info.plist;
				LD_RUNPATH_SEARCH_PATHS = (
					"$(inherited)",
					"@executable_path/Frameworks",
				);
				PRODUCT_BUNDLE_IDENTIFIER = Codepath.flix;
				PRODUCT_NAME = "$(TARGET_NAME)";
				SWIFT_VERSION = 5.0;
				TARGETED_DEVICE_FAMILY = "1,2";
			};
			name = Debug;
		};
		B1DA9599250198CD0074A904 /* Release */ = {
			isa = XCBuildConfiguration;
			baseConfigurationReference = 099F3314773143AEB98C9ED0 /* Pods-flix.release.xcconfig */;
			buildSettings = {
				ASSETCATALOG_COMPILER_APPICON_NAME = AppIcon;
				CODE_SIGN_STYLE = Automatic;
				DEVELOPMENT_TEAM = U4SRH7997S;
				INFOPLIST_FILE = flix/Info.plist;
				LD_RUNPATH_SEARCH_PATHS = (
					"$(inherited)",
					"@executable_path/Frameworks",
				);
				PRODUCT_BUNDLE_IDENTIFIER = Codepath.flix;
				PRODUCT_NAME = "$(TARGET_NAME)";
				SWIFT_VERSION = 5.0;
				TARGETED_DEVICE_FAMILY = "1,2";
			};
			name = Release;
		};
		B1DA959B250198CD0074A904 /* Debug */ = {
			isa = XCBuildConfiguration;
			baseConfigurationReference = 0A9892B301B1AFA90B1F3574 /* Pods-flixTests.debug.xcconfig */;
			buildSettings = {
				ALWAYS_EMBED_SWIFT_STANDARD_LIBRARIES = YES;
				BUNDLE_LOADER = "$(TEST_HOST)";
				CODE_SIGN_STYLE = Automatic;
				DEVELOPMENT_TEAM = U4SRH7997S;
				INFOPLIST_FILE = flixTests/Info.plist;
				IPHONEOS_DEPLOYMENT_TARGET = 13.2;
				LD_RUNPATH_SEARCH_PATHS = (
					"$(inherited)",
					"@executable_path/Frameworks",
					"@loader_path/Frameworks",
				);
				PRODUCT_BUNDLE_IDENTIFIER = Codepath.flixTests;
				PRODUCT_NAME = "$(TARGET_NAME)";
				SWIFT_VERSION = 5.0;
				TARGETED_DEVICE_FAMILY = "1,2";
				TEST_HOST = "$(BUILT_PRODUCTS_DIR)/flix.app/flix";
			};
			name = Debug;
		};
		B1DA959C250198CD0074A904 /* Release */ = {
			isa = XCBuildConfiguration;
			baseConfigurationReference = E85D3A5B7A718C37EEDCBDC0 /* Pods-flixTests.release.xcconfig */;
			buildSettings = {
				ALWAYS_EMBED_SWIFT_STANDARD_LIBRARIES = YES;
				BUNDLE_LOADER = "$(TEST_HOST)";
				CODE_SIGN_STYLE = Automatic;
				DEVELOPMENT_TEAM = U4SRH7997S;
				INFOPLIST_FILE = flixTests/Info.plist;
				IPHONEOS_DEPLOYMENT_TARGET = 13.2;
				LD_RUNPATH_SEARCH_PATHS = (
					"$(inherited)",
					"@executable_path/Frameworks",
					"@loader_path/Frameworks",
				);
				PRODUCT_BUNDLE_IDENTIFIER = Codepath.flixTests;
				PRODUCT_NAME = "$(TARGET_NAME)";
				SWIFT_VERSION = 5.0;
				TARGETED_DEVICE_FAMILY = "1,2";
				TEST_HOST = "$(BUILT_PRODUCTS_DIR)/flix.app/flix";
			};
			name = Release;
		};
		B1DA959E250198CD0074A904 /* Debug */ = {
			isa = XCBuildConfiguration;
			baseConfigurationReference = 53966DB54ADDA88AF4A9D831 /* Pods-flix-flixUITests.debug.xcconfig */;
			buildSettings = {
				ALWAYS_EMBED_SWIFT_STANDARD_LIBRARIES = YES;
				CODE_SIGN_STYLE = Automatic;
				DEVELOPMENT_TEAM = U4SRH7997S;
				INFOPLIST_FILE = flixUITests/Info.plist;
				LD_RUNPATH_SEARCH_PATHS = (
					"$(inherited)",
					"@executable_path/Frameworks",
					"@loader_path/Frameworks",
				);
				PRODUCT_BUNDLE_IDENTIFIER = Codepath.flixUITests;
				PRODUCT_NAME = "$(TARGET_NAME)";
				SWIFT_VERSION = 5.0;
				TARGETED_DEVICE_FAMILY = "1,2";
				TEST_TARGET_NAME = flix;
			};
			name = Debug;
		};
		B1DA959F250198CD0074A904 /* Release */ = {
			isa = XCBuildConfiguration;
			baseConfigurationReference = 213D7339D9280664E4AC0223 /* Pods-flix-flixUITests.release.xcconfig */;
			buildSettings = {
				ALWAYS_EMBED_SWIFT_STANDARD_LIBRARIES = YES;
				CODE_SIGN_STYLE = Automatic;
				DEVELOPMENT_TEAM = U4SRH7997S;
				INFOPLIST_FILE = flixUITests/Info.plist;
				LD_RUNPATH_SEARCH_PATHS = (
					"$(inherited)",
					"@executable_path/Frameworks",
					"@loader_path/Frameworks",
				);
				PRODUCT_BUNDLE_IDENTIFIER = Codepath.flixUITests;
				PRODUCT_NAME = "$(TARGET_NAME)";
				SWIFT_VERSION = 5.0;
				TARGETED_DEVICE_FAMILY = "1,2";
				TEST_TARGET_NAME = flix;
			};
			name = Release;
		};
/* End XCBuildConfiguration section */

/* Begin XCConfigurationList section */
		B1DA9568250198CA0074A904 /* Build configuration list for PBXProject "flix" */ = {
			isa = XCConfigurationList;
			buildConfigurations = (
				B1DA9595250198CD0074A904 /* Debug */,
				B1DA9596250198CD0074A904 /* Release */,
			);
			defaultConfigurationIsVisible = 0;
			defaultConfigurationName = Release;
		};
		B1DA9597250198CD0074A904 /* Build configuration list for PBXNativeTarget "flix" */ = {
			isa = XCConfigurationList;
			buildConfigurations = (
				B1DA9598250198CD0074A904 /* Debug */,
				B1DA9599250198CD0074A904 /* Release */,
			);
			defaultConfigurationIsVisible = 0;
			defaultConfigurationName = Release;
		};
		B1DA959A250198CD0074A904 /* Build configuration list for PBXNativeTarget "flixTests" */ = {
			isa = XCConfigurationList;
			buildConfigurations = (
				B1DA959B250198CD0074A904 /* Debug */,
				B1DA959C250198CD0074A904 /* Release */,
			);
			defaultConfigurationIsVisible = 0;
			defaultConfigurationName = Release;
		};
		B1DA959D250198CD0074A904 /* Build configuration list for PBXNativeTarget "flixUITests" */ = {
			isa = XCConfigurationList;
			buildConfigurations = (
				B1DA959E250198CD0074A904 /* Debug */,
				B1DA959F250198CD0074A904 /* Release */,
			);
			defaultConfigurationIsVisible = 0;
			defaultConfigurationName = Release;
		};
/* End XCConfigurationList section */
	};
	rootObject = B1DA9565250198CA0074A904 /* Project object */;
}
